// !$*UTF8*$!
{
	archiveVersion = 1;
	classes = {
	};
	objectVersion = 51;
	objects = {

/* Begin PBXBuildFile section */
		B22282C124B5DF9300202504 /* AppDelegate.swift in Sources */ = {isa = PBXBuildFile; fileRef = B22282C024B5DF9300202504 /* AppDelegate.swift */; };
		B22282C324B5DF9400202504 /* SceneDelegate.swift in Sources */ = {isa = PBXBuildFile; fileRef = B22282C224B5DF9400202504 /* SceneDelegate.swift */; };
		B22282C524B5DF9400202504 /* ContentView.swift in Sources */ = {isa = PBXBuildFile; fileRef = B22282C424B5DF9400202504 /* ContentView.swift */; };
		B22282C724B5DF9600202504 /* Assets.xcassets in Resources */ = {isa = PBXBuildFile; fileRef = B22282C624B5DF9600202504 /* Assets.xcassets */; };
		B22282CA24B5DF9600202504 /* Preview Assets.xcassets in Resources */ = {isa = PBXBuildFile; fileRef = B22282C924B5DF9600202504 /* Preview Assets.xcassets */; };
		B22282CD24B5DF9600202504 /* LaunchScreen.storyboard in Resources */ = {isa = PBXBuildFile; fileRef = B22282CB24B5DF9600202504 /* LaunchScreen.storyboard */; };
		B22282D524B5E08D00202504 /* DatabaseManager.swift in Sources */ = {isa = PBXBuildFile; fileRef = B22282D424B5E08D00202504 /* DatabaseManager.swift */; };
		B22282D924B5E33C00202504 /* Project.swift in Sources */ = {isa = PBXBuildFile; fileRef = B22282D824B5E33C00202504 /* Project.swift */; };
		B239096024B6A819001E52C3 /* ProjectListViewModel.swift in Sources */ = {isa = PBXBuildFile; fileRef = B239095F24B6A819001E52C3 /* ProjectListViewModel.swift */; };
		EFC4C00CE105CA0F24169720 /* Pods_SwiftUI_0708_GRDB2.framework in Frameworks */ = {isa = PBXBuildFile; fileRef = AB7C088FD0D8CD04CBC026E8 /* Pods_SwiftUI_0708_GRDB2.framework */; };
/* End PBXBuildFile section */

/* Begin PBXFileReference section */
		73B1A1C819DFB3FF33A26B09 /* Pods-SwiftUI_0708_GRDB2.release.xcconfig */ = {isa = PBXFileReference; includeInIndex = 1; lastKnownFileType = text.xcconfig; name = "Pods-SwiftUI_0708_GRDB2.release.xcconfig"; path = "Target Support Files/Pods-SwiftUI_0708_GRDB2/Pods-SwiftUI_0708_GRDB2.release.xcconfig"; sourceTree = "<group>"; };
		7D994463E5EDF3C0C98FDAB8 /* Pods-SwiftUI_0708_GRDB2.debug.xcconfig */ = {isa = PBXFileReference; includeInIndex = 1; lastKnownFileType = text.xcconfig; name = "Pods-SwiftUI_0708_GRDB2.debug.xcconfig"; path = "Target Support Files/Pods-SwiftUI_0708_GRDB2/Pods-SwiftUI_0708_GRDB2.debug.xcconfig"; sourceTree = "<group>"; };
		AB7C088FD0D8CD04CBC026E8 /* Pods_SwiftUI_0708_GRDB2.framework */ = {isa = PBXFileReference; explicitFileType = wrapper.framework; includeInIndex = 0; path = Pods_SwiftUI_0708_GRDB2.framework; sourceTree = BUILT_PRODUCTS_DIR; };
		B22282BD24B5DF9300202504 /* SwiftUI_0708_GRDB2.app */ = {isa = PBXFileReference; explicitFileType = wrapper.application; includeInIndex = 0; path = SwiftUI_0708_GRDB2.app; sourceTree = BUILT_PRODUCTS_DIR; };
		B22282C024B5DF9300202504 /* AppDelegate.swift */ = {isa = PBXFileReference; lastKnownFileType = sourcecode.swift; path = AppDelegate.swift; sourceTree = "<group>"; };
		B22282C224B5DF9400202504 /* SceneDelegate.swift */ = {isa = PBXFileReference; lastKnownFileType = sourcecode.swift; path = SceneDelegate.swift; sourceTree = "<group>"; };
		B22282C424B5DF9400202504 /* ContentView.swift */ = {isa = PBXFileReference; lastKnownFileType = sourcecode.swift; path = ContentView.swift; sourceTree = "<group>"; };
		B22282C624B5DF9600202504 /* Assets.xcassets */ = {isa = PBXFileReference; lastKnownFileType = folder.assetcatalog; path = Assets.xcassets; sourceTree = "<group>"; };
		B22282C924B5DF9600202504 /* Preview Assets.xcassets */ = {isa = PBXFileReference; lastKnownFileType = folder.assetcatalog; path = "Preview Assets.xcassets"; sourceTree = "<group>"; };
		B22282CC24B5DF9600202504 /* Base */ = {isa = PBXFileReference; lastKnownFileType = file.storyboard; name = Base; path = Base.lproj/LaunchScreen.storyboard; sourceTree = "<group>"; };
		B22282CE24B5DF9600202504 /* Info.plist */ = {isa = PBXFileReference; lastKnownFileType = text.plist.xml; path = Info.plist; sourceTree = "<group>"; };
		B22282D424B5E08D00202504 /* DatabaseManager.swift */ = {isa = PBXFileReference; lastKnownFileType = sourcecode.swift; path = DatabaseManager.swift; sourceTree = "<group>"; };
		B22282D824B5E33C00202504 /* Project.swift */ = {isa = PBXFileReference; lastKnownFileType = sourcecode.swift; path = Project.swift; sourceTree = "<group>"; };
		B239095F24B6A819001E52C3 /* ProjectListViewModel.swift */ = {isa = PBXFileReference; lastKnownFileType = sourcecode.swift; path = ProjectListViewModel.swift; sourceTree = "<group>"; };
/* End PBXFileReference section */

/* Begin PBXFrameworksBuildPhase section */
		B22282BA24B5DF9300202504 /* Frameworks */ = {
			isa = PBXFrameworksBuildPhase;
			buildActionMask = 2147483647;
			files = (
				EFC4C00CE105CA0F24169720 /* Pods_SwiftUI_0708_GRDB2.framework in Frameworks */,
			);
			runOnlyForDeploymentPostprocessing = 0;
		};
/* End PBXFrameworksBuildPhase section */

/* Begin PBXGroup section */
		3DC208499065E7BF63A9C3F4 /* Frameworks */ = {
			isa = PBXGroup;
			children = (
				AB7C088FD0D8CD04CBC026E8 /* Pods_SwiftUI_0708_GRDB2.framework */,
			);
			name = Frameworks;
			sourceTree = "<group>";
		};
		721C5F1886F9AF5F7099EE33 /* Pods */ = {
			isa = PBXGroup;
			children = (
				7D994463E5EDF3C0C98FDAB8 /* Pods-SwiftUI_0708_GRDB2.debug.xcconfig */,
				73B1A1C819DFB3FF33A26B09 /* Pods-SwiftUI_0708_GRDB2.release.xcconfig */,
			);
			path = Pods;
			sourceTree = "<group>";
		};
		B22282B424B5DF9300202504 = {
			isa = PBXGroup;
			children = (
				B22282BF24B5DF9300202504 /* SwiftUI_0708_GRDB2 */,
				B22282BE24B5DF9300202504 /* Products */,
				721C5F1886F9AF5F7099EE33 /* Pods */,
				3DC208499065E7BF63A9C3F4 /* Frameworks */,
			);
			sourceTree = "<group>";
		};
		B22282BE24B5DF9300202504 /* Products */ = {
			isa = PBXGroup;
			children = (
				B22282BD24B5DF9300202504 /* SwiftUI_0708_GRDB2.app */,
			);
			name = Products;
			sourceTree = "<group>";
		};
		B22282BF24B5DF9300202504 /* SwiftUI_0708_GRDB2 */ = {
			isa = PBXGroup;
			children = (
				B22282C024B5DF9300202504 /* AppDelegate.swift */,
				B22282C224B5DF9400202504 /* SceneDelegate.swift */,
				B22282C424B5DF9400202504 /* ContentView.swift */,
				B22282D424B5E08D00202504 /* DatabaseManager.swift */,
				B22282D724B5E31700202504 /* Models */,
				B22282C624B5DF9600202504 /* Assets.xcassets */,
				B22282CB24B5DF9600202504 /* LaunchScreen.storyboard */,
				B22282CE24B5DF9600202504 /* Info.plist */,
				B22282C824B5DF9600202504 /* Preview Content */,
			);
			path = SwiftUI_0708_GRDB2;
			sourceTree = "<group>";
		};
		B22282C824B5DF9600202504 /* Preview Content */ = {
			isa = PBXGroup;
			children = (
				B22282C924B5DF9600202504 /* Preview Assets.xcassets */,
			);
			path = "Preview Content";
			sourceTree = "<group>";
		};
		B22282D724B5E31700202504 /* Models */ = {
			isa = PBXGroup;
			children = (
				B22282D824B5E33C00202504 /* Project.swift */,
				B239095E24B6A7BC001E52C3 /* ViewModels */,
			);
			path = Models;
			sourceTree = "<group>";
		};
		B239095E24B6A7BC001E52C3 /* ViewModels */ = {
			isa = PBXGroup;
			children = (
				B239095F24B6A819001E52C3 /* ProjectListViewModel.swift */,
			);
			path = ViewModels;
			sourceTree = "<group>";
		};
/* End PBXGroup section */

/* Begin PBXNativeTarget section */
		B22282BC24B5DF9300202504 /* SwiftUI_0708_GRDB2 */ = {
			isa = PBXNativeTarget;
			buildConfigurationList = B22282D124B5DF9600202504 /* Build configuration list for PBXNativeTarget "SwiftUI_0708_GRDB2" */;
			buildPhases = (
				293D5D15AF2D700EB63E9E86 /* [CP] Check Pods Manifest.lock */,
				B22282B924B5DF9300202504 /* Sources */,
				B22282BA24B5DF9300202504 /* Frameworks */,
				B22282BB24B5DF9300202504 /* Resources */,
				13266F82536BF82C6EE725B9 /* [CP] Embed Pods Frameworks */,
			);
			buildRules = (
			);
			dependencies = (
			);
			name = SwiftUI_0708_GRDB2;
			productName = SwiftUI_0708_GRDB2;
			productReference = B22282BD24B5DF9300202504 /* SwiftUI_0708_GRDB2.app */;
			productType = "com.apple.product-type.application";
		};
/* End PBXNativeTarget section */

/* Begin PBXProject section */
		B22282B524B5DF9300202504 /* Project object */ = {
			isa = PBXProject;
			attributes = {
				LastSwiftUpdateCheck = 1150;
				LastUpgradeCheck = 1150;
				ORGANIZATIONNAME = "Kevin Chen";
				TargetAttributes = {
					B22282BC24B5DF9300202504 = {
						CreatedOnToolsVersion = 11.5;
					};
				};
			};
			buildConfigurationList = B22282B824B5DF9300202504 /* Build configuration list for PBXProject "SwiftUI_0708_GRDB2" */;
			compatibilityVersion = "Xcode 9.3";
			developmentRegion = en;
			hasScannedForEncodings = 0;
			knownRegions = (
				en,
				Base,
			);
			mainGroup = B22282B424B5DF9300202504;
			productRefGroup = B22282BE24B5DF9300202504 /* Products */;
			projectDirPath = "";
			projectRoot = "";
			targets = (
				B22282BC24B5DF9300202504 /* SwiftUI_0708_GRDB2 */,
			);
		};
/* End PBXProject section */

/* Begin PBXResourcesBuildPhase section */
		B22282BB24B5DF9300202504 /* Resources */ = {
			isa = PBXResourcesBuildPhase;
			buildActionMask = 2147483647;
			files = (
				B22282CD24B5DF9600202504 /* LaunchScreen.storyboard in Resources */,
				B22282CA24B5DF9600202504 /* Preview Assets.xcassets in Resources */,
				B22282C724B5DF9600202504 /* Assets.xcassets in Resources */,
			);
			runOnlyForDeploymentPostprocessing = 0;
		};
/* End PBXResourcesBuildPhase section */

/* Begin PBXShellScriptBuildPhase section */
		13266F82536BF82C6EE725B9 /* [CP] Embed Pods Frameworks */ = {
			isa = PBXShellScriptBuildPhase;
			buildActionMask = 2147483647;
			files = (
			);
			inputFileListPaths = (
				"${PODS_ROOT}/Target Support Files/Pods-SwiftUI_0708_GRDB2/Pods-SwiftUI_0708_GRDB2-frameworks-${CONFIGURATION}-input-files.xcfilelist",
			);
			name = "[CP] Embed Pods Frameworks";
			outputFileListPaths = (
				"${PODS_ROOT}/Target Support Files/Pods-SwiftUI_0708_GRDB2/Pods-SwiftUI_0708_GRDB2-frameworks-${CONFIGURATION}-output-files.xcfilelist",
			);
			runOnlyForDeploymentPostprocessing = 0;
			shellPath = /bin/sh;
			shellScript = "\"${PODS_ROOT}/Target Support Files/Pods-SwiftUI_0708_GRDB2/Pods-SwiftUI_0708_GRDB2-frameworks.sh\"\n";
			showEnvVarsInLog = 0;
		};
		293D5D15AF2D700EB63E9E86 /* [CP] Check Pods Manifest.lock */ = {
			isa = PBXShellScriptBuildPhase;
			buildActionMask = 2147483647;
			files = (
			);
			inputFileListPaths = (
			);
			inputPaths = (
				"${PODS_PODFILE_DIR_PATH}/Podfile.lock",
				"${PODS_ROOT}/Manifest.lock",
			);
			name = "[CP] Check Pods Manifest.lock";
			outputFileListPaths = (
			);
			outputPaths = (
				"$(DERIVED_FILE_DIR)/Pods-SwiftUI_0708_GRDB2-checkManifestLockResult.txt",
			);
			runOnlyForDeploymentPostprocessing = 0;
			shellPath = /bin/sh;
			shellScript = "diff \"${PODS_PODFILE_DIR_PATH}/Podfile.lock\" \"${PODS_ROOT}/Manifest.lock\" > /dev/null\nif [ $? != 0 ] ; then\n    # print error to STDERR\n    echo \"error: The sandbox is not in sync with the Podfile.lock. Run 'pod install' or update your CocoaPods installation.\" >&2\n    exit 1\nfi\n# This output is used by Xcode 'outputs' to avoid re-running this script phase.\necho \"SUCCESS\" > \"${SCRIPT_OUTPUT_FILE_0}\"\n";
			showEnvVarsInLog = 0;
		};
/* End PBXShellScriptBuildPhase section */

/* Begin PBXSourcesBuildPhase section */
		B22282B924B5DF9300202504 /* Sources */ = {
			isa = PBXSourcesBuildPhase;
			buildActionMask = 2147483647;
			files = (
				B22282D524B5E08D00202504 /* DatabaseManager.swift in Sources */,
				B22282C124B5DF9300202504 /* AppDelegate.swift in Sources */,
				B22282C324B5DF9400202504 /* SceneDelegate.swift in Sources */,
				B22282D924B5E33C00202504 /* Project.swift in Sources */,
				B239096024B6A819001E52C3 /* ProjectListViewModel.swift in Sources */,
				B22282C524B5DF9400202504 /* ContentView.swift in Sources */,
			);
			runOnlyForDeploymentPostprocessing = 0;
		};
/* End PBXSourcesBuildPhase section */

/* Begin PBXVariantGroup section */
		B22282CB24B5DF9600202504 /* LaunchScreen.storyboard */ = {
			isa = PBXVariantGroup;
			children = (
				B22282CC24B5DF9600202504 /* Base */,
			);
			name = LaunchScreen.storyboard;
			sourceTree = "<group>";
		};
/* End PBXVariantGroup section */

/* Begin XCBuildConfiguration section */
		B22282CF24B5DF9600202504 /* Debug */ = {
			isa = XCBuildConfiguration;
			buildSettings = {
				ALWAYS_SEARCH_USER_PATHS = NO;
				CLANG_ANALYZER_NONNULL = YES;
				CLANG_ANALYZER_NUMBER_OBJECT_CONVERSION = YES_AGGRESSIVE;
				CLANG_CXX_LANGUAGE_STANDARD = "gnu++14";
				CLANG_CXX_LIBRARY = "libc++";
				CLANG_ENABLE_MODULES = YES;
				CLANG_ENABLE_OBJC_ARC = YES;
				CLANG_ENABLE_OBJC_WEAK = YES;
				CLANG_WARN_BLOCK_CAPTURE_AUTORELEASING = YES;
				CLANG_WARN_BOOL_CONVERSION = YES;
				CLANG_WARN_COMMA = YES;
				CLANG_WARN_CONSTANT_CONVERSION = YES;
				CLANG_WARN_DEPRECATED_OBJC_IMPLEMENTATIONS = YES;
				CLANG_WARN_DIRECT_OBJC_ISA_USAGE = YES_ERROR;
				CLANG_WARN_DOCUMENTATION_COMMENTS = YES;
				CLANG_WARN_EMPTY_BODY = YES;
				CLANG_WARN_ENUM_CONVERSION = YES;
				CLANG_WARN_INFINITE_RECURSION = YES;
				CLANG_WARN_INT_CONVERSION = YES;
				CLANG_WARN_NON_LITERAL_NULL_CONVERSION = YES;
				CLANG_WARN_OBJC_IMPLICIT_RETAIN_SELF = YES;
				CLANG_WARN_OBJC_LITERAL_CONVERSION = YES;
				CLANG_WARN_OBJC_ROOT_CLASS = YES_ERROR;
				CLANG_WARN_RANGE_LOOP_ANALYSIS = YES;
				CLANG_WARN_STRICT_PROTOTYPES = YES;
				CLANG_WARN_SUSPICIOUS_MOVE = YES;
				CLANG_WARN_UNGUARDED_AVAILABILITY = YES_AGGRESSIVE;
				CLANG_WARN_UNREACHABLE_CODE = YES;
				CLANG_WARN__DUPLICATE_METHOD_MATCH = YES;
				COPY_PHASE_STRIP = NO;
				DEBUG_INFORMATION_FORMAT = dwarf;
				ENABLE_STRICT_OBJC_MSGSEND = YES;
				ENABLE_TESTABILITY = YES;
				GCC_C_LANGUAGE_STANDARD = gnu11;
				GCC_DYNAMIC_NO_PIC = NO;
				GCC_NO_COMMON_BLOCKS = YES;
				GCC_OPTIMIZATION_LEVEL = 0;
				GCC_PREPROCESSOR_DEFINITIONS = (
					"DEBUG=1",
					"$(inherited)",
				);
				GCC_WARN_64_TO_32_BIT_CONVERSION = YES;
				GCC_WARN_ABOUT_RETURN_TYPE = YES_ERROR;
				GCC_WARN_UNDECLARED_SELECTOR = YES;
				GCC_WARN_UNINITIALIZED_AUTOS = YES_AGGRESSIVE;
				GCC_WARN_UNUSED_FUNCTION = YES;
				GCC_WARN_UNUSED_VARIABLE = YES;
				IPHONEOS_DEPLOYMENT_TARGET = 13.5;
				MTL_ENABLE_DEBUG_INFO = INCLUDE_SOURCE;
				MTL_FAST_MATH = YES;
				ONLY_ACTIVE_ARCH = YES;
				SDKROOT = iphoneos;
				SWIFT_ACTIVE_COMPILATION_CONDITIONS = DEBUG;
				SWIFT_OPTIMIZATION_LEVEL = "-Onone";
			};
			name = Debug;
		};
		B22282D024B5DF9600202504 /* Release */ = {
			isa = XCBuildConfiguration;
			buildSettings = {
				ALWAYS_SEARCH_USER_PATHS = NO;
				CLANG_ANALYZER_NONNULL = YES;
				CLANG_ANALYZER_NUMBER_OBJECT_CONVERSION = YES_AGGRESSIVE;
				CLANG_CXX_LANGUAGE_STANDARD = "gnu++14";
				CLANG_CXX_LIBRARY = "libc++";
				CLANG_ENABLE_MODULES = YES;
				CLANG_ENABLE_OBJC_ARC = YES;
				CLANG_ENABLE_OBJC_WEAK = YES;
				CLANG_WARN_BLOCK_CAPTURE_AUTORELEASING = YES;
				CLANG_WARN_BOOL_CONVERSION = YES;
				CLANG_WARN_COMMA = YES;
				CLANG_WARN_CONSTANT_CONVERSION = YES;
				CLANG_WARN_DEPRECATED_OBJC_IMPLEMENTATIONS = YES;
				CLANG_WARN_DIRECT_OBJC_ISA_USAGE = YES_ERROR;
				CLANG_WARN_DOCUMENTATION_COMMENTS = YES;
				CLANG_WARN_EMPTY_BODY = YES;
				CLANG_WARN_ENUM_CONVERSION = YES;
				CLANG_WARN_INFINITE_RECURSION = YES;
				CLANG_WARN_INT_CONVERSION = YES;
				CLANG_WARN_NON_LITERAL_NULL_CONVERSION = YES;
				CLANG_WARN_OBJC_IMPLICIT_RETAIN_SELF = YES;
				CLANG_WARN_OBJC_LITERAL_CONVERSION = YES;
				CLANG_WARN_OBJC_ROOT_CLASS = YES_ERROR;
				CLANG_WARN_RANGE_LOOP_ANALYSIS = YES;
				CLANG_WARN_STRICT_PROTOTYPES = YES;
				CLANG_WARN_SUSPICIOUS_MOVE = YES;
				CLANG_WARN_UNGUARDED_AVAILABILITY = YES_AGGRESSIVE;
				CLANG_WARN_UNREACHABLE_CODE = YES;
				CLANG_WARN__DUPLICATE_METHOD_MATCH = YES;
				COPY_PHASE_STRIP = NO;
				DEBUG_INFORMATION_FORMAT = "dwarf-with-dsym";
				ENABLE_NS_ASSERTIONS = NO;
				ENABLE_STRICT_OBJC_MSGSEND = YES;
				GCC_C_LANGUAGE_STANDARD = gnu11;
				GCC_NO_COMMON_BLOCKS = YES;
				GCC_WARN_64_TO_32_BIT_CONVERSION = YES;
				GCC_WARN_ABOUT_RETURN_TYPE = YES_ERROR;
				GCC_WARN_UNDECLARED_SELECTOR = YES;
				GCC_WARN_UNINITIALIZED_AUTOS = YES_AGGRESSIVE;
				GCC_WARN_UNUSED_FUNCTION = YES;
				GCC_WARN_UNUSED_VARIABLE = YES;
				IPHONEOS_DEPLOYMENT_TARGET = 13.5;
				MTL_ENABLE_DEBUG_INFO = NO;
				MTL_FAST_MATH = YES;
				SDKROOT = iphoneos;
				SWIFT_COMPILATION_MODE = wholemodule;
				SWIFT_OPTIMIZATION_LEVEL = "-O";
				VALIDATE_PRODUCT = YES;
			};
			name = Release;
		};
		B22282D224B5DF9600202504 /* Debug */ = {
			isa = XCBuildConfiguration;
			baseConfigurationReference = 7D994463E5EDF3C0C98FDAB8 /* Pods-SwiftUI_0708_GRDB2.debug.xcconfig */;
			buildSettings = {
				ASSETCATALOG_COMPILER_APPICON_NAME = AppIcon;
				CODE_SIGN_STYLE = Automatic;
				DEVELOPMENT_ASSET_PATHS = "\"SwiftUI_0708_GRDB2/Preview Content\"";
				DEVELOPMENT_TEAM = 22844YLF99;
				ENABLE_PREVIEWS = YES;
				INFOPLIST_FILE = SwiftUI_0708_GRDB2/Info.plist;
				LD_RUNPATH_SEARCH_PATHS = (
					"$(inherited)",
					"@executable_path/Frameworks",
				);
				PRODUCT_BUNDLE_IDENTIFIER = "inheart.tw.SwiftUI-0708-GRDB2";
				PRODUCT_NAME = "$(TARGET_NAME)";
				SWIFT_VERSION = 5.0;
				TARGETED_DEVICE_FAMILY = "1,2";
			};
			name = Debug;
		};
		B22282D324B5DF9600202504 /* Release */ = {
			isa = XCBuildConfiguration;
			baseConfigurationReference = 73B1A1C819DFB3FF33A26B09 /* Pods-SwiftUI_0708_GRDB2.release.xcconfig */;
			buildSettings = {
				ASSETCATALOG_COMPILER_APPICON_NAME = AppIcon;
				CODE_SIGN_STYLE = Automatic;
				DEVELOPMENT_ASSET_PATHS = "\"SwiftUI_0708_GRDB2/Preview Content\"";
				DEVELOPMENT_TEAM = 22844YLF99;
				ENABLE_PREVIEWS = YES;
				INFOPLIST_FILE = SwiftUI_0708_GRDB2/Info.plist;
				LD_RUNPATH_SEARCH_PATHS = (
					"$(inherited)",
					"@executable_path/Frameworks",
				);
				PRODUCT_BUNDLE_IDENTIFIER = "inheart.tw.SwiftUI-0708-GRDB2";
				PRODUCT_NAME = "$(TARGET_NAME)";
				SWIFT_VERSION = 5.0;
				TARGETED_DEVICE_FAMILY = "1,2";
			};
			name = Release;
		};
/* End XCBuildConfiguration section */

/* Begin XCConfigurationList section */
		B22282B824B5DF9300202504 /* Build configuration list for PBXProject "SwiftUI_0708_GRDB2" */ = {
			isa = XCConfigurationList;
			buildConfigurations = (
				B22282CF24B5DF9600202504 /* Debug */,
				B22282D024B5DF9600202504 /* Release */,
			);
			defaultConfigurationIsVisible = 0;
			defaultConfigurationName = Release;
		};
		B22282D124B5DF9600202504 /* Build configuration list for PBXNativeTarget "SwiftUI_0708_GRDB2" */ = {
			isa = XCConfigurationList;
			buildConfigurations = (
				B22282D224B5DF9600202504 /* Debug */,
				B22282D324B5DF9600202504 /* Release */,
			);
			defaultConfigurationIsVisible = 0;
			defaultConfigurationName = Release;
		};
/* End XCConfigurationList section */
	};
	rootObject = B22282B524B5DF9300202504 /* Project object */;
}
